# This file is automatically @generated by Cargo.
# It is not intended for manual editing.
version = 3

[[package]]
name = "ariadne"
version = "0.3.0"
source = "registry+https://github.com/rust-lang/crates.io-index"
checksum = "72fe02fc62033df9ba41cba57ee19acf5e742511a140c7dbc3a873e19a19a1bd"
dependencies = [
 "unicode-width",
 "yansi",
]

[[package]]
name = "diff"
version = "0.1.13"
source = "registry+https://github.com/rust-lang/crates.io-index"
checksum = "56254986775e3233ffa9c4d7d3faaf6d36a2c09d30b20687e9f88bc8bafc16c8"

[[package]]
name = "memchr"
version = "2.6.4"
source = "registry+https://github.com/rust-lang/crates.io-index"
checksum = "f665ee40bc4a3c5590afb1e9677db74a508659dfd71e126420da8274909a0167"

[[package]]
name = "pretty_assertions"
version = "1.4.0"
source = "registry+https://github.com/rust-lang/crates.io-index"
checksum = "af7cee1a6c8a5b9208b3cb1061f10c0cb689087b3d8ce85fb9d2dd7a29b6ba66"
dependencies = [
 "diff",
 "yansi",
]

[[package]]
name = "psl"
version = "0.1.0"
dependencies = [
 "ariadne",
 "pretty_assertions",
 "unicode-ident",
 "winnow",
]

[[package]]
name = "unicode-ident"
version = "1.0.12"
source = "registry+https://github.com/rust-lang/crates.io-index"
checksum = "3354b9ac3fae1ff6755cb6db53683adb661634f67557942dea4facebec0fee4b"

[[package]]
name = "unicode-width"
version = "0.1.11"
source = "registry+https://github.com/rust-lang/crates.io-index"
checksum = "e51733f11c9c4f72aa0c160008246859e340b00807569a0da0e7a1079b27ba85"

[[package]]
name = "winnow"
version = "0.5.17"
source = "registry+https://github.com/rust-lang/crates.io-index"
checksum = "a3b801d0e0a6726477cc207f60162da452f3a95adb368399bef20a946e06f65c"
dependencies = [
 "memchr",
]

[[package]]
name = "yansi"
version = "0.5.1"
source = "registry+https://github.com/rust-lang/crates.io-index"
checksum = "09041cd90cf85f7f8b2df60c646f853b7f535ce68f85244eb6731cf89fa498ec"
